XSym
0076
2bcbf45dfc69fe71ce250c35596741f1
/user/eleves/zzekeri2020/ros/devel/.private/catkin_tools_prebuild/cmake.lock
                                                                                                                                                                                                                                                                                                                                                                                                                                                                                                                                                                                                                                                                                                                                                                                                                                                                                                                                                                                   